
Microsoft Visual Studio Solution File, Format Version 12.00
# Visual Studio Version 16
VisualStudioVersion = 16.0.31205.134
MinimumVisualStudioVersion = 10.0.40219.1
Project("{FAE04EC0-301F-11D3-BF4B-00C04F79EFBC}") = "PROBLEMA COM ORIENTACAO A OBJ 02", "PROBLEMA COM ORIENTACAO A OBJ 02\PROBLEMA COM ORIENTACAO A OBJ 02.csproj", "{1D28FDAC-4AFE-407D-B987-6D5C502F7962}"
EndProject
Global
	GlobalSection(SolutionConfigurationPlatforms) = preSolution
		Debug|Any CPU = Debug|Any CPU
		Release|Any CPU = Release|Any CPU
	EndGlobalSection
	GlobalSection(ProjectConfigurationPlatforms) = postSolution
		{1D28FDAC-4AFE-407D-B987-6D5C502F7962}.Debug|Any CPU.ActiveCfg = Debug|Any CPU
		{1D28FDAC-4AFE-407D-B987-6D5C502F7962}.Debug|Any CPU.Build.0 = Debug|Any CPU
		{1D28FDAC-4AFE-407D-B987-6D5C502F7962}.Release|Any CPU.ActiveCfg = Release|Any CPU
		{1D28FDAC-4AFE-407D-B987-6D5C502F7962}.Release|Any CPU.Build.0 = Release|Any CPU
	EndGlobalSection
	GlobalSection(SolutionProperties) = preSolution
		HideSolutionNode = FALSE
	EndGlobalSection
	GlobalSection(ExtensibilityGlobals) = postSolution
		SolutionGuid = {C9AEFC4E-4335-4A56-89A4-4EE58A9676C0}
	EndGlobalSection
EndGlobal
